lockVersion: 2.0.0
id: 5a857039-7f4b-42d5-86fd-449767242ed2
management:
  docChecksum: dd5eb608fd0e0ea556a472c6122d83a7
  docVersion: 0.0.1
  speakeasyVersion: 1.563.1
  generationVersion: 2.629.1
  releaseVersion: 0.16.0
  configChecksum: 486256f6d53e4b5f256f2e44d3d5c8db
  repoURL: https://github.com/epilot-dev/terraform-provider-epilot-dashboard.git
  repoSubDirectory: .
  published: true
features:
  go:
    additionalProperties: 0.1.1
    constsAndDefaults: 0.1.1
    core: 3.1.4
    flattening: 2.81.1
    globalSecurity: 2.82.2
    globalServerURLs: 2.82.0
    unions: 2.85.0
  terraform:
    additionalDependencies: 0.1.0
    additionalProperties: 0.1.2
    core: 3.41.10
    globalSecurity: 2.81.12
    globalServerURLs: 2.82.2
    retries: 2.81.3
    typeOverrides: 2.81.1
generatedFiles:
  - .gitattributes
  - USAGE.md
  - examples/README.md
  - examples/data-sources/epilot-dashboard_dashboard/data-source.tf
  - examples/provider/provider.tf
  - examples/resources/epilot-dashboard_dashboard/import.sh
  - examples/resources/epilot-dashboard_dashboard/resource.tf
  - go.mod
  - go.sum
  - internal/planmodifiers/boolplanmodifier/suppress_diff.go
  - internal/planmodifiers/float32planmodifier/suppress_diff.go
  - internal/planmodifiers/float64planmodifier/suppress_diff.go
  - internal/planmodifiers/int32planmodifier/suppress_diff.go
  - internal/planmodifiers/int64planmodifier/suppress_diff.go
  - internal/planmodifiers/listplanmodifier/suppress_diff.go
  - internal/planmodifiers/mapplanmodifier/suppress_diff.go
  - internal/planmodifiers/numberplanmodifier/suppress_diff.go
  - internal/planmodifiers/objectplanmodifier/suppress_diff.go
  - internal/planmodifiers/setplanmodifier/suppress_diff.go
  - internal/planmodifiers/stringplanmodifier/suppress_diff.go
  - internal/planmodifiers/utils/state_check.go
  - internal/provider/dashboard_data_source.go
  - internal/provider/dashboard_data_source_sdk.go
  - internal/provider/dashboard_resource.go
  - internal/provider/dashboard_resource_sdk.go
  - internal/provider/provider.go
  - internal/provider/reflect/diags.go
  - internal/provider/reflect/doc.go
  - internal/provider/reflect/generic_attr_value.go
  - internal/provider/reflect/helpers.go
  - internal/provider/reflect/interfaces.go
  - internal/provider/reflect/into.go
  - internal/provider/reflect/map.go
  - internal/provider/reflect/number.go
  - internal/provider/reflect/options.go
  - internal/provider/reflect/outof.go
  - internal/provider/reflect/pointer.go
  - internal/provider/reflect/primitive.go
  - internal/provider/reflect/slice.go
  - internal/provider/reflect/struct.go
  - internal/provider/typeconvert/date.go
  - internal/provider/typeconvert/datetime.go
  - internal/provider/typeconvert/int.go
  - internal/provider/utils.go
  - internal/sdk/.gitattributes
  - internal/sdk/dashboards.go
  - internal/sdk/docs/models/operations/option.md
  - internal/sdk/examples.go
  - internal/sdk/internal/config/sdkconfiguration.go
  - internal/sdk/internal/hooks/hooks.go
  - internal/sdk/internal/utils/contenttype.go
  - internal/sdk/internal/utils/env.go
  - internal/sdk/internal/utils/form.go
  - internal/sdk/internal/utils/headers.go
  - internal/sdk/internal/utils/json.go
  - internal/sdk/internal/utils/pathparams.go
  - internal/sdk/internal/utils/queryparams.go
  - internal/sdk/internal/utils/requestbody.go
  - internal/sdk/internal/utils/retries.go
  - internal/sdk/internal/utils/security.go
  - internal/sdk/internal/utils/utils.go
  - internal/sdk/models/errors/sdkerror.go
  - internal/sdk/models/operations/createdashboard.go
  - internal/sdk/models/operations/deletedashboard.go
  - internal/sdk/models/operations/getdashboard.go
  - internal/sdk/models/operations/listavailableexamples.go
  - internal/sdk/models/operations/listavailablevisualisations.go
  - internal/sdk/models/operations/listdashboards.go
  - internal/sdk/models/operations/options.go
  - internal/sdk/models/operations/putdashboard.go
  - internal/sdk/models/shared/dashboard.go
  - internal/sdk/models/shared/datalakequery.go
  - internal/sdk/models/shared/example.go
  - internal/sdk/models/shared/security.go
  - internal/sdk/models/shared/visualisation.go
  - internal/sdk/models/shared/visualisationid.go
  - internal/sdk/retry/config.go
  - internal/sdk/sdk.go
  - internal/sdk/types/bigint.go
  - internal/sdk/types/date.go
  - internal/sdk/types/datetime.go
  - internal/sdk/types/decimal.go
  - internal/sdk/types/pointers.go
  - internal/sdk/visualisations.go
  - internal/validators/DateValidator.go
  - internal/validators/ExactlyOneChild.go
  - internal/validators/JSONParseValidator.go
  - internal/validators/RFC3339Validator.go
  - internal/validators/boolvalidators/not_null.go
  - internal/validators/float32validators/not_null.go
  - internal/validators/float64validators/not_null.go
  - internal/validators/int32validators/not_null.go
  - internal/validators/int64validators/not_null.go
  - internal/validators/listvalidators/not_null.go
  - internal/validators/mapvalidators/not_null.go
  - internal/validators/numbervalidators/not_null.go
  - internal/validators/objectvalidators/not_null.go
  - internal/validators/setvalidators/not_null.go
  - internal/validators/stringvalidators/not_null.go
  - main.go
  - terraform-registry-manifest.json
  - tools/tools.go
examples:
  createDashboard:
    speakeasy-default-create-dashboard:
      requestBody:
        application/json: {"id": "3fa85f64-5717-4562-b3fc-2c963f66afa6", "tiles": "<value>", "title": "Employee Dashboard"}
      responses:
        "201":
          application/json: {"id": "3fa85f64-5717-4562-b3fc-2c963f66afa6", "tiles": "<value>", "title": "Employee Dashboard"}
  deleteDashboard:
    speakeasy-default-delete-dashboard:
      parameters:
        path:
          id: "3fa85f64-5717-4562-b3fc-2c963f66afa6"
      responses:
        "200":
          application/json: {"id": "3fa85f64-5717-4562-b3fc-2c963f66afa6", "tiles": "<value>", "title": "Employee Dashboard"}
  getDashboard:
    speakeasy-default-get-dashboard:
      parameters:
        path:
          id: "3fa85f64-5717-4562-b3fc-2c963f66afa6"
      responses:
        "200":
          application/json: {"id": "3fa85f64-5717-4562-b3fc-2c963f66afa6", "tiles": "<value>", "title": "Employee Dashboard"}
  listDashboards:
    speakeasy-default-list-dashboards:
      responses:
        "200":
          application/json: {"results": [{"id": "3fa85f64-5717-4562-b3fc-2c963f66afa6", "tiles": "<value>", "title": "Employee Dashboard"}]}
  putDashboard:
    speakeasy-default-put-dashboard:
      parameters:
        path:
          id: "3fa85f64-5717-4562-b3fc-2c963f66afa6"
      requestBody:
        application/json: {"id": "3fa85f64-5717-4562-b3fc-2c963f66afa6", "tiles": "<value>", "title": "Employee Dashboard"}
      responses:
        "200":
          application/json: {"id": "3fa85f64-5717-4562-b3fc-2c963f66afa6", "tiles": "<value>", "title": "Employee Dashboard"}
  listAvailableExamples:
    speakeasy-default-list-available-examples:
      responses:
        "200":
          application/json: {"results": [{"id": "e4af1297-1fd6-440f-9846-f475f580d40f", "query": {"dataset": "entity_operations", "dimensions": [{"time_with_granularity": "year-month"}], "filters": [{"entity_schema": "opportunity"}], "measure": "count_operations"}, "title": "Number of opportunities created by journeys every month", "visualisation": "timechart"}]}
  listAvailableVisualisations:
    speakeasy-default-list-available-visualisations:
      responses:
        "200":
          application/json: {"results": [{"description": "Visualise your metrics with respect to time series", "package_name": "@epilot360/highcharts", "title": "Time Series Visualisation", "visualisation": "timechart"}, {"description": "Visualise your key performance indicators", "package_name": "@epilot360/kpi", "title": "KPI Visualisation", "visualisation": "kpi"}]}
examplesVersion: 1.0.2
generatedTests: {}
